
Microsoft Visual Studio Solution File, Format Version 12.00
# Visual Studio Version 17
VisualStudioVersion = 17.5.33530.505
MinimumVisualStudioVersion = 10.0.40219.1
Project("{9A19103F-16F7-4668-BE54-9A1E7A4F7556}") = "Wpf", "Wpf\Wpf.csproj", "{48DC40DF-6815-4B8D-931E-2494C0066929}"
EndProject
Global
	GlobalSection(SolutionConfigurationPlatforms) = preSolution
		Debug|Any CPU = Debug|Any CPU
		Release|Any CPU = Release|Any CPU
	EndGlobalSection
	GlobalSection(ProjectConfigurationPlatforms) = postSolution
		{48DC40DF-6815-4B8D-931E-2494C0066929}.Debug|Any CPU.ActiveCfg = Debug|Any CPU
		{48DC40DF-6815-4B8D-931E-2494C0066929}.Debug|Any CPU.Build.0 = Debug|Any CPU
		{48DC40DF-6815-4B8D-931E-2494C0066929}.Release|Any CPU.ActiveCfg = Release|Any CPU
		{48DC40DF-6815-4B8D-931E-2494C0066929}.Release|Any CPU.Build.0 = Release|Any CPU
	EndGlobalSection
	GlobalSection(SolutionProperties) = preSolution
		HideSolutionNode = FALSE
	EndGlobalSection
	GlobalSection(ExtensibilityGlobals) = postSolution
		SolutionGuid = {23C4DE0E-0EF3-40FB-94EA-73B8AD448974}
	EndGlobalSection
EndGlobal
